{
    "name": "AsmX",
    "version": "1.0.0",
    "lockfileVersion": 2,
    "requires": true,
    "packages": {
        "": {
            "name": "AsmX",
            "version": "1.0.0",
            "license": "MIT",
            "engines": {
                "vscode": "0.10.x"
            }
        }
    }
}
